
Microsoft Visual Studio Solution File, Format Version 12.00
# Visual Studio Version 16
VisualStudioVersion = 16.0.34031.81
MinimumVisualStudioVersion = 10.0.40219.1
Project("{FAE04EC0-301F-11D3-BF4B-00C04F79EFBC}") = "Module7", "Module7\Module7.csproj", "{D9744E36-3D09-417A-993F-762558EC8882}"
EndProject
Project("{FAE04EC0-301F-11D3-BF4B-00C04F79EFBC}") = "Day7 (Tanks)", "Day7 (Tanks)\Day7 (Tanks).csproj", "{3F802F9B-20DB-4206-B7F3-9C2ADBF1BF3B}"
EndProject
Global
	GlobalSection(SolutionConfigurationPlatforms) = preSolution
		Debug|Any CPU = Debug|Any CPU
		Release|Any CPU = Release|Any CPU
	EndGlobalSection
	GlobalSection(ProjectConfigurationPlatforms) = postSolution
		{D9744E36-3D09-417A-993F-762558EC8882}.Debug|Any CPU.ActiveCfg = Debug|Any CPU
		{D9744E36-3D09-417A-993F-762558EC8882}.Debug|Any CPU.Build.0 = Debug|Any CPU
		{D9744E36-3D09-417A-993F-762558EC8882}.Release|Any CPU.ActiveCfg = Release|Any CPU
		{D9744E36-3D09-417A-993F-762558EC8882}.Release|Any CPU.Build.0 = Release|Any CPU
		{3F802F9B-20DB-4206-B7F3-9C2ADBF1BF3B}.Debug|Any CPU.ActiveCfg = Debug|Any CPU
		{3F802F9B-20DB-4206-B7F3-9C2ADBF1BF3B}.Debug|Any CPU.Build.0 = Debug|Any CPU
		{3F802F9B-20DB-4206-B7F3-9C2ADBF1BF3B}.Release|Any CPU.ActiveCfg = Release|Any CPU
		{3F802F9B-20DB-4206-B7F3-9C2ADBF1BF3B}.Release|Any CPU.Build.0 = Release|Any CPU
	EndGlobalSection
	GlobalSection(SolutionProperties) = preSolution
		HideSolutionNode = FALSE
	EndGlobalSection
	GlobalSection(ExtensibilityGlobals) = postSolution
		SolutionGuid = {16C3AA91-A070-421E-97F8-A807EED22C0F}
	EndGlobalSection
EndGlobal
